// !$*UTF8*$!
{
	archiveVersion = 1;
	classes = {
	};
	objectVersion = 46;
	objects = {

/* Begin PBXBuildFile section */
		04FD910C1CEEE9EE005001E4 /* main.m in Sources */ = {isa = PBXBuildFile; fileRef = 04FD910B1CEEE9EE005001E4 /* main.m */; };
		04FD910F1CEEE9EF005001E4 /* AppDelegate.m in Sources */ = {isa = PBXBuildFile; fileRef = 04FD910E1CEEE9EF005001E4 /* AppDelegate.m */; };
		04FD91121CEEE9EF005001E4 /* ViewController.m in Sources */ = {isa = PBXBuildFile; fileRef = 04FD91111CEEE9EF005001E4 /* ViewController.m */; };
		04FD91151CEEE9EF005001E4 /* Main.storyboard in Resources */ = {isa = PBXBuildFile; fileRef = 04FD91131CEEE9EF005001E4 /* Main.storyboard */; };
		04FD91171CEEE9EF005001E4 /* Assets.xcassets in Resources */ = {isa = PBXBuildFile; fileRef = 04FD91161CEEE9EF005001E4 /* Assets.xcassets */; };
		04FD911A1CEEE9EF005001E4 /* LaunchScreen.storyboard in Resources */ = {isa = PBXBuildFile; fileRef = 04FD91181CEEE9EF005001E4 /* LaunchScreen.storyboard */; };
		04FD91251CEEE9EF005001E4 /* TableViewTests.m in Sources */ = {isa = PBXBuildFile; fileRef = 04FD91241CEEE9EF005001E4 /* TableViewTests.m */; };
		04FD91301CEEE9EF005001E4 /* TableViewUITests.m in Sources */ = {isa = PBXBuildFile; fileRef = 04FD912F1CEEE9EF005001E4 /* TableViewUITests.m */; };
		04FD91591CEF0468005001E4 /* FFScrollView.m in Sources */ = {isa = PBXBuildFile; fileRef = 04FD91581CEF0468005001E4 /* FFScrollView.m */; };
		04FD915D1CEF062C005001E4 /* HomeHeaderView.m in Sources */ = {isa = PBXBuildFile; fileRef = 04FD915B1CEF062C005001E4 /* HomeHeaderView.m */; };
		04FD915E1CEF062C005001E4 /* HomeHeaderView.xib in Resources */ = {isa = PBXBuildFile; fileRef = 04FD915C1CEF062C005001E4 /* HomeHeaderView.xib */; };
		04FD91DB1CEF0DF9005001E4 /* 2.png in Resources */ = {isa = PBXBuildFile; fileRef = 04FD91D71CEF0DF9005001E4 /* 2.png */; };
		04FD91DC1CEF0DF9005001E4 /* 1.png in Resources */ = {isa = PBXBuildFile; fileRef = 04FD91D81CEF0DF9005001E4 /* 1.png */; };
		04FD91DD1CEF0DF9005001E4 /* 3.png in Resources */ = {isa = PBXBuildFile; fileRef = 04FD91D91CEF0DF9005001E4 /* 3.png */; };
		04FD91DE1CEF0DF9005001E4 /* 4.png in Resources */ = {isa = PBXBuildFile; fileRef = 04FD91DA1CEF0DF9005001E4 /* 4.png */; };
/* End PBXBuildFile section */

/* Begin PBXContainerItemProxy section */
		04FD91211CEEE9EF005001E4 /* PBXContainerItemProxy */ = {
			isa = PBXContainerItemProxy;
			containerPortal = 04FD90FF1CEEE9EC005001E4 /* Project object */;
			proxyType = 1;
			remoteGlobalIDString = 04FD91061CEEE9EE005001E4;
			remoteInfo = TableView;
		};
		04FD912C1CEEE9EF005001E4 /* PBXContainerItemProxy */ = {
			isa = PBXContainerItemProxy;
			containerPortal = 04FD90FF1CEEE9EC005001E4 /* Project object */;
			proxyType = 1;
			remoteGlobalIDString = 04FD91061CEEE9EE005001E4;
			remoteInfo = TableView;
		};
/* End PBXContainerItemProxy section */

/* Begin PBXFileReference section */
		04FD91071CEEE9EE005001E4 /* TableView.app */ = {isa = PBXFileReference; explicitFileType = wrapper.application; includeInIndex = 0; path = TableView.app; sourceTree = BUILT_PRODUCTS_DIR; };
		04FD910B1CEEE9EE005001E4 /* main.m */ = {isa = PBXFileReference; lastKnownFileType = sourcecode.c.objc; path = main.m; sourceTree = "<group>"; };
		04FD910D1CEEE9EE005001E4 /* AppDelegate.h */ = {isa = PBXFileReference; lastKnownFileType = sourcecode.c.h; path = AppDelegate.h; sourceTree = "<group>"; };
		04FD910E1CEEE9EF005001E4 /* AppDelegate.m */ = {isa = PBXFileReference; lastKnownFileType = sourcecode.c.objc; path = AppDelegate.m; sourceTree = "<group>"; };
		04FD91101CEEE9EF005001E4 /* ViewController.h */ = {isa = PBXFileReference; lastKnownFileType = sourcecode.c.h; path = ViewController.h; sourceTree = "<group>"; };
		04FD91111CEEE9EF005001E4 /* ViewController.m */ = {isa = PBXFileReference; lastKnownFileType = sourcecode.c.objc; path = ViewController.m; sourceTree = "<group>"; };
		04FD91141CEEE9EF005001E4 /* Base */ = {isa = PBXFileReference; lastKnownFileType = file.storyboard; name = Base; path = Base.lproj/Main.storyboard; sourceTree = "<group>"; };
		04FD91161CEEE9EF005001E4 /* Assets.xcassets */ = {isa = PBXFileReference; lastKnownFileType = folder.assetcatalog; path = Assets.xcassets; sourceTree = "<group>"; };
		04FD91191CEEE9EF005001E4 /* Base */ = {isa = PBXFileReference; lastKnownFileType = file.storyboard; name = Base; path = Base.lproj/LaunchScreen.storyboard; sourceTree = "<group>"; };
		04FD911B1CEEE9EF005001E4 /* Info.plist */ = {isa = PBXFileReference; lastKnownFileType = text.plist.xml; path = Info.plist; sourceTree = "<group>"; };
		04FD91201CEEE9EF005001E4 /* TableViewTests.xctest */ = {isa = PBXFileReference; explicitFileType = wrapper.cfbundle; includeInIndex = 0; path = TableViewTests.xctest; sourceTree = BUILT_PRODUCTS_DIR; };
		04FD91241CEEE9EF005001E4 /* TableViewTests.m */ = {isa = PBXFileReference; lastKnownFileType = sourcecode.c.objc; path = TableViewTests.m; sourceTree = "<group>"; };
		04FD91261CEEE9EF005001E4 /* Info.plist */ = {isa = PBXFileReference; lastKnownFileType = text.plist.xml; path = Info.plist; sourceTree = "<group>"; };
		04FD912B1CEEE9EF005001E4 /* TableViewUITests.xctest */ = {isa = PBXFileReference; explicitFileType = wrapper.cfbundle; includeInIndex = 0; path = TableViewUITests.xctest; sourceTree = BUILT_PRODUCTS_DIR; };
		04FD912F1CEEE9EF005001E4 /* TableViewUITests.m */ = {isa = PBXFileReference; lastKnownFileType = sourcecode.c.objc; path = TableViewUITests.m; sourceTree = "<group>"; };
		04FD91311CEEE9EF005001E4 /* Info.plist */ = {isa = PBXFileReference; lastKnownFileType = text.plist.xml; path = Info.plist; sourceTree = "<group>"; };
		04FD91571CEF0468005001E4 /* FFScrollView.h */ = {isa = PBXFileReference; fileEncoding = 4; lastKnownFileType = sourcecode.c.h; path = FFScrollView.h; sourceTree = "<group>"; };
		04FD91581CEF0468005001E4 /* FFScrollView.m */ = {isa = PBXFileReference; fileEncoding = 4; lastKnownFileType = sourcecode.c.objc; path = FFScrollView.m; sourceTree = "<group>"; };
		04FD915A1CEF062C005001E4 /* HomeHeaderView.h */ = {isa = PBXFileReference; fileEncoding = 4; lastKnownFileType = sourcecode.c.h; path = HomeHeaderView.h; sourceTree = "<group>"; };
		04FD915B1CEF062C005001E4 /* HomeHeaderView.m */ = {isa = PBXFileReference; fileEncoding = 4; lastKnownFileType = sourcecode.c.objc; path = HomeHeaderView.m; sourceTree = "<group>"; };
		04FD915C1CEF062C005001E4 /* HomeHeaderView.xib */ = {isa = PBXFileReference; fileEncoding = 4; lastKnownFileType = file.xib; path = HomeHeaderView.xib; sourceTree = "<group>"; };
		04FD91D71CEF0DF9005001E4 /* 2.png */ = {isa = PBXFileReference; lastKnownFileType = image.png; path = 2.png; sourceTree = "<group>"; };
		04FD91D81CEF0DF9005001E4 /* 1.png */ = {isa = PBXFileReference; lastKnownFileType = image.png; path = 1.png; sourceTree = "<group>"; };
		04FD91D91CEF0DF9005001E4 /* 3.png */ = {isa = PBXFileReference; lastKnownFileType = image.png; path = 3.png; sourceTree = "<group>"; };
		04FD91DA1CEF0DF9005001E4 /* 4.png */ = {isa = PBXFileReference; lastKnownFileType = image.png; path = 4.png; sourceTree = "<group>"; };
/* End PBXFileReference section */

/* Begin PBXFrameworksBuildPhase section */
		04FD91041CEEE9EE005001E4 /* Frameworks */ = {
			isa = PBXFrameworksBuildPhase;
			buildActionMask = 2147483647;
			files = (
			);
			runOnlyForDeploymentPostprocessing = 0;
		};
		04FD911D1CEEE9EF005001E4 /* Frameworks */ = {
			isa = PBXFrameworksBuildPhase;
			buildActionMask = 2147483647;
			files = (
			);
			runOnlyForDeploymentPostprocessing = 0;
		};
		04FD91281CEEE9EF005001E4 /* Frameworks */ = {
			isa = PBXFrameworksBuildPhase;
			buildActionMask = 2147483647;
			files = (
			);
			runOnlyForDeploymentPostprocessing = 0;
		};
/* End PBXFrameworksBuildPhase section */

/* Begin PBXGroup section */
		04FD90FE1CEEE9EC005001E4 = {
			isa = PBXGroup;
			children = (
				04FD91091CEEE9EE005001E4 /* TableView */,
				04FD91231CEEE9EF005001E4 /* TableViewTests */,
				04FD912E1CEEE9EF005001E4 /* TableViewUITests */,
				04FD91081CEEE9EE005001E4 /* Products */,
			);
			sourceTree = "<group>";
		};
		04FD91081CEEE9EE005001E4 /* Products */ = {
			isa = PBXGroup;
			children = (
				04FD91071CEEE9EE005001E4 /* TableView.app */,
				04FD91201CEEE9EF005001E4 /* TableViewTests.xctest */,
				04FD912B1CEEE9EF005001E4 /* TableViewUITests.xctest */,
			);
			name = Products;
			sourceTree = "<group>";
		};
		04FD91091CEEE9EE005001E4 /* TableView */ = {
			isa = PBXGroup;
			children = (
				04FD91D71CEF0DF9005001E4 /* 2.png */,
				04FD91D81CEF0DF9005001E4 /* 1.png */,
				04FD91D91CEF0DF9005001E4 /* 3.png */,
				04FD91DA1CEF0DF9005001E4 /* 4.png */,
				04FD91571CEF0468005001E4 /* FFScrollView.h */,
				04FD91581CEF0468005001E4 /* FFScrollView.m */,
				04FD915A1CEF062C005001E4 /* HomeHeaderView.h */,
				04FD915B1CEF062C005001E4 /* HomeHeaderView.m */,
				04FD915C1CEF062C005001E4 /* HomeHeaderView.xib */,
				04FD910D1CEEE9EE005001E4 /* AppDelegate.h */,
				04FD910E1CEEE9EF005001E4 /* AppDelegate.m */,
				04FD91101CEEE9EF005001E4 /* ViewController.h */,
				04FD91111CEEE9EF005001E4 /* ViewController.m */,
				04FD91131CEEE9EF005001E4 /* Main.storyboard */,
				04FD91161CEEE9EF005001E4 /* Assets.xcassets */,
				04FD91181CEEE9EF005001E4 /* LaunchScreen.storyboard */,
				04FD911B1CEEE9EF005001E4 /* Info.plist */,
				04FD910A1CEEE9EE005001E4 /* Supporting Files */,
			);
			path = TableView;
			sourceTree = "<group>";
		};
		04FD910A1CEEE9EE005001E4 /* Supporting Files */ = {
			isa = PBXGroup;
			children = (
				04FD910B1CEEE9EE005001E4 /* main.m */,
			);
			name = "Supporting Files";
			sourceTree = "<group>";
		};
		04FD91231CEEE9EF005001E4 /* TableViewTests */ = {
			isa = PBXGroup;
			children = (
				04FD91241CEEE9EF005001E4 /* TableViewTests.m */,
				04FD91261CEEE9EF005001E4 /* Info.plist */,
			);
			path = TableViewTests;
			sourceTree = "<group>";
		};
		04FD912E1CEEE9EF005001E4 /* TableViewUITests */ = {
			isa = PBXGroup;
			children = (
				04FD912F1CEEE9EF005001E4 /* TableViewUITests.m */,
				04FD91311CEEE9EF005001E4 /* Info.plist */,
			);
			path = TableViewUITests;
			sourceTree = "<group>";
		};
/* End PBXGroup section */

/* Begin PBXNativeTarget section */
		04FD91061CEEE9EE005001E4 /* TableView */ = {
			isa = PBXNativeTarget;
			buildConfigurationList = 04FD91341CEEE9EF005001E4 /* Build configuration list for PBXNativeTarget "TableView" */;
			buildPhases = (
				04FD91031CEEE9EE005001E4 /* Sources */,
				04FD91041CEEE9EE005001E4 /* Frameworks */,
				04FD91051CEEE9EE005001E4 /* Resources */,
			);
			buildRules = (
			);
			dependencies = (
			);
			name = TableView;
			productName = TableView;
			productReference = 04FD91071CEEE9EE005001E4 /* TableView.app */;
			productType = "com.apple.product-type.application";
		};
		04FD911F1CEEE9EF005001E4 /* TableViewTests */ = {
			isa = PBXNativeTarget;
			buildConfigurationList = 04FD91371CEEE9EF005001E4 /* Build configuration list for PBXNativeTarget "TableViewTests" */;
			buildPhases = (
				04FD911C1CEEE9EF005001E4 /* Sources */,
				04FD911D1CEEE9EF005001E4 /* Frameworks */,
				04FD911E1CEEE9EF005001E4 /* Resources */,
			);
			buildRules = (
			);
			dependencies = (
				04FD91221CEEE9EF005001E4 /* PBXTargetDependency */,
			);
			name = TableViewTests;
			productName = TableViewTests;
			productReference = 04FD91201CEEE9EF005001E4 /* TableViewTests.xctest */;
			productType = "com.apple.product-type.bundle.unit-test";
		};
		04FD912A1CEEE9EF005001E4 /* TableViewUITests */ = {
			isa = PBXNativeTarget;
			buildConfigurationList = 04FD913A1CEEE9EF005001E4 /* Build configuration list for PBXNativeTarget "TableViewUITests" */;
			buildPhases = (
				04FD91271CEEE9EF005001E4 /* Sources */,
				04FD91281CEEE9EF005001E4 /* Frameworks */,
				04FD91291CEEE9EF005001E4 /* Resources */,
			);
			buildRules = (
			);
			dependencies = (
				04FD912D1CEEE9EF005001E4 /* PBXTargetDependency */,
			);
			name = TableViewUITests;
			productName = TableViewUITests;
			productReference = 04FD912B1CEEE9EF005001E4 /* TableViewUITests.xctest */;
			productType = "com.apple.product-type.bundle.ui-testing";
		};
/* End PBXNativeTarget section */

/* Begin PBXProject section */
		04FD90FF1CEEE9EC005001E4 /* Project object */ = {
			isa = PBXProject;
			attributes = {
				LastUpgradeCheck = 0720;
				ORGANIZATIONNAME = dubo;
				TargetAttributes = {
					04FD91061CEEE9EE005001E4 = {
						CreatedOnToolsVersion = 7.2.1;
					};
					04FD911F1CEEE9EF005001E4 = {
						CreatedOnToolsVersion = 7.2.1;
						DevelopmentTeam = YBMDJ8LDLW;
						TestTargetID = 04FD91061CEEE9EE005001E4;
					};
					04FD912A1CEEE9EF005001E4 = {
						CreatedOnToolsVersion = 7.2.1;
						DevelopmentTeam = YBMDJ8LDLW;
						TestTargetID = 04FD91061CEEE9EE005001E4;
					};
				};
			};
			buildConfigurationList = 04FD91021CEEE9ED005001E4 /* Build configuration list for PBXProject "TableView" */;
			compatibilityVersion = "Xcode 3.2";
			developmentRegion = English;
			hasScannedForEncodings = 0;
			knownRegions = (
				en,
				Base,
			);
			mainGroup = 04FD90FE1CEEE9EC005001E4;
			productRefGroup = 04FD91081CEEE9EE005001E4 /* Products */;
			projectDirPath = "";
			projectRoot = "";
			targets = (
				04FD91061CEEE9EE005001E4 /* TableView */,
				04FD911F1CEEE9EF005001E4 /* TableViewTests */,
				04FD912A1CEEE9EF005001E4 /* TableViewUITests */,
			);
		};
/* End PBXProject section */

/* Begin PBXResourcesBuildPhase section */
		04FD91051CEEE9EE005001E4 /* Resources */ = {
			isa = PBXResourcesBuildPhase;
			buildActionMask = 2147483647;
			files = (
				04FD915E1CEF062C005001E4 /* HomeHeaderView.xib in Resources */,
				04FD911A1CEEE9EF005001E4 /* LaunchScreen.storyboard in Resources */,
				04FD91DB1CEF0DF9005001E4 /* 2.png in Resources */,
				04FD91DC1CEF0DF9005001E4 /* 1.png in Resources */,
				04FD91DE1CEF0DF9005001E4 /* 4.png in Resources */,
				04FD91171CEEE9EF005001E4 /* Assets.xcassets in Resources */,
				04FD91DD1CEF0DF9005001E4 /* 3.png in Resources */,
				04FD91151CEEE9EF005001E4 /* Main.storyboard in Resources */,
			);
			runOnlyForDeploymentPostprocessing = 0;
		};
		04FD911E1CEEE9EF005001E4 /* Resources */ = {
			isa = PBXResourcesBuildPhase;
			buildActionMask = 2147483647;
			files = (
			);
			runOnlyForDeploymentPostprocessing = 0;
		};
		04FD91291CEEE9EF005001E4 /* Resources */ = {
			isa = PBXResourcesBuildPhase;
			buildActionMask = 2147483647;
			files = (
			);
			runOnlyForDeploymentPostprocessing = 0;
		};
/* End PBXResourcesBuildPhase section */

/* Begin PBXSourcesBuildPhase section */
		04FD91031CEEE9EE005001E4 /* Sources */ = {
			isa = PBXSourcesBuildPhase;
			buildActionMask = 2147483647;
			files = (
				04FD915D1CEF062C005001E4 /* HomeHeaderView.m in Sources */,
				04FD91121CEEE9EF005001E4 /* ViewController.m in Sources */,
				04FD91591CEF0468005001E4 /* FFScrollView.m in Sources */,
				04FD910F1CEEE9EF005001E4 /* AppDelegate.m in Sources */,
				04FD910C1CEEE9EE005001E4 /* main.m in Sources */,
			);
			runOnlyForDeploymentPostprocessing = 0;
		};
		04FD911C1CEEE9EF005001E4 /* Sources */ = {
			isa = PBXSourcesBuildPhase;
			buildActionMask = 2147483647;
			files = (
				04FD91251CEEE9EF005001E4 /* TableViewTests.m in Sources */,
			);
			runOnlyForDeploymentPostprocessing = 0;
		};
		04FD91271CEEE9EF005001E4 /* Sources */ = {
			isa = PBXSourcesBuildPhase;
			buildActionMask = 2147483647;
			files = (
				04FD91301CEEE9EF005001E4 /* TableViewUITests.m in Sources */,
			);
			runOnlyForDeploymentPostprocessing = 0;
		};
/* End PBXSourcesBuildPhase section */

/* Begin PBXTargetDependency section */
		04FD91221CEEE9EF005001E4 /* PBXTargetDependency */ = {
			isa = PBXTargetDependency;
			target = 04FD91061CEEE9EE005001E4 /* TableView */;
			targetProxy = 04FD91211CEEE9EF005001E4 /* PBXContainerItemProxy */;
		};
		04FD912D1CEEE9EF005001E4 /* PBXTargetDependency */ = {
			isa = PBXTargetDependency;
			target = 04FD91061CEEE9EE005001E4 /* TableView */;
			targetProxy = 04FD912C1CEEE9EF005001E4 /* PBXContainerItemProxy */;
		};
/* End PBXTargetDependency section */

/* Begin PBXVariantGroup section */
		04FD91131CEEE9EF005001E4 /* Main.storyboard */ = {
			isa = PBXVariantGroup;
			children = (
				04FD91141CEEE9EF005001E4 /* Base */,
			);
			name = Main.storyboard;
			sourceTree = "<group>";
		};
		04FD91181CEEE9EF005001E4 /* LaunchScreen.storyboard */ = {
			isa = PBXVariantGroup;
			children = (
				04FD91191CEEE9EF005001E4 /* Base */,
			);
			name = LaunchScreen.storyboard;
			sourceTree = "<group>";
		};
/* End PBXVariantGroup section */

/* Begin XCBuildConfiguration section */
		04FD91321CEEE9EF005001E4 /* Debug */ = {
			isa = XCBuildConfiguration;
			buildSettings = {
				ALWAYS_SEARCH_USER_PATHS = NO;
				CLANG_CXX_LANGUAGE_STANDARD = "gnu++0x";
				CLANG_CXX_LIBRARY = "libc++";
				CLANG_ENABLE_MODULES = YES;
				CLANG_ENABLE_OBJC_ARC = YES;
				CLANG_WARN_BOOL_CONVERSION = YES;
				CLANG_WARN_CONSTANT_CONVERSION = YES;
				CLANG_WARN_DIRECT_OBJC_ISA_USAGE = YES_ERROR;
				CLANG_WARN_EMPTY_BODY = YES;
				CLANG_WARN_ENUM_CONVERSION = YES;
				CLANG_WARN_INT_CONVERSION = YES;
				CLANG_WARN_OBJC_ROOT_CLASS = YES_ERROR;
				CLANG_WARN_UNREACHABLE_CODE = YES;
				CLANG_WARN__DUPLICATE_METHOD_MATCH = YES;
				"CODE_SIGN_IDENTITY[sdk=iphoneos*]" = "iPhone Developer";
				COPY_PHASE_STRIP = NO;
				DEBUG_INFORMATION_FORMAT = dwarf;
				ENABLE_STRICT_OBJC_MSGSEND = YES;
				ENABLE_TESTABILITY = YES;
				GCC_C_LANGUAGE_STANDARD = gnu99;
				GCC_DYNAMIC_NO_PIC = NO;
				GCC_NO_COMMON_BLOCKS = YES;
				GCC_OPTIMIZATION_LEVEL = 0;
				GCC_PREPROCESSOR_DEFINITIONS = (
					"DEBUG=1",
					"$(inherited)",
				);
				GCC_WARN_64_TO_32_BIT_CONVERSION = YES;
				GCC_WARN_ABOUT_RETURN_TYPE = YES_ERROR;
				GCC_WARN_UNDECLARED_SELECTOR = YES;
				GCC_WARN_UNINITIALIZED_AUTOS = YES_AGGRESSIVE;
				GCC_WARN_UNUSED_FUNCTION = YES;
				GCC_WARN_UNUSED_VARIABLE = YES;
				IPHONEOS_DEPLOYMENT_TARGET = 9.2;
				MTL_ENABLE_DEBUG_INFO = YES;
				ONLY_ACTIVE_ARCH = YES;
				SDKROOT = iphoneos;
				TARGETED_DEVICE_FAMILY = "1,2";
			};
			name = Debug;
		};
		04FD91331CEEE9EF005001E4 /* Release */ = {
			isa = XCBuildConfiguration;
			buildSettings = {
				ALWAYS_SEARCH_USER_PATHS = NO;
				CLANG_CXX_LANGUAGE_STANDARD = "gnu++0x";
				CLANG_CXX_LIBRARY = "libc++";
				CLANG_ENABLE_MODULES = YES;
				CLANG_ENABLE_OBJC_ARC = YES;
				CLANG_WARN_BOOL_CONVERSION = YES;
				CLANG_WARN_CONSTANT_CONVERSION = YES;
				CLANG_WARN_DIRECT_OBJC_ISA_USAGE = YES_ERROR;
				CLANG_WARN_EMPTY_BODY = YES;
				CLANG_WARN_ENUM_CONVERSION = YES;
				CLANG_WARN_INT_CONVERSION = YES;
				CLANG_WARN_OBJC_ROOT_CLASS = YES_ERROR;
				CLANG_WARN_UNREACHABLE_CODE = YES;
				CLANG_WARN__DUPLICATE_METHOD_MATCH = YES;
				"CODE_SIGN_IDENTITY[sdk=iphoneos*]" = "iPhone Developer";
				COPY_PHASE_STRIP = NO;
				DEBUG_INFORMATION_FORMAT = "dwarf-with-dsym";
				ENABLE_NS_ASSERTIONS = NO;
				ENABLE_STRICT_OBJC_MSGSEND = YES;
				GCC_C_LANGUAGE_STANDARD = gnu99;
				GCC_NO_COMMON_BLOCKS = YES;
				GCC_WARN_64_TO_32_BIT_CONVERSION = YES;
				GCC_WARN_ABOUT_RETURN_TYPE = YES_ERROR;
				GCC_WARN_UNDECLARED_SELECTOR = YES;
				GCC_WARN_UNINITIALIZED_AUTOS = YES_AGGRESSIVE;
				GCC_WARN_UNUSED_FUNCTION = YES;
				GCC_WARN_UNUSED_VARIABLE = YES;
				IPHONEOS_DEPLOYMENT_TARGET = 9.2;
				MTL_ENABLE_DEBUG_INFO = NO;
				SDKROOT = iphoneos;
				TARGETED_DEVICE_FAMILY = "1,2";
				VALIDATE_PRODUCT = YES;
			};
			name = Release;
		};
		04FD91351CEEE9EF005001E4 /* Debug */ = {
			isa = XCBuildConfiguration;
			buildSettings = {
				ASSETCATALOG_COMPILER_APPICON_NAME = AppIcon;
				CODE_SIGN_IDENTITY = "iPhone Developer";
				INFOPLIST_FILE = TableView/Info.plist;
				LD_RUNPATH_SEARCH_PATHS = "$(inherited) @executable_path/Frameworks";
				PRODUCT_BUNDLE_IDENTIFIER = com.dubo.com.TableView;
				PRODUCT_NAME = "$(TARGET_NAME)";
			};
			name = Debug;
		};
		04FD91361CEEE9EF005001E4 /* Release */ = {
			isa = XCBuildConfiguration;
			buildSettings = {
				ASSETCATALOG_COMPILER_APPICON_NAME = AppIcon;
				CODE_SIGN_IDENTITY = "iPhone Developer";
				INFOPLIST_FILE = TableView/Info.plist;
				LD_RUNPATH_SEARCH_PATHS = "$(inherited) @executable_path/Frameworks";
				PRODUCT_BUNDLE_IDENTIFIER = com.dubo.com.TableView;
				PRODUCT_NAME = "$(TARGET_NAME)";
			};
			name = Release;
		};
		04FD91381CEEE9EF005001E4 /* Debug */ = {
			isa = XCBuildConfiguration;
			buildSettings = {
				BUNDLE_LOADER = "$(TEST_HOST)";
				INFOPLIST_FILE = TableViewTests/Info.plist;
				LD_RUNPATH_SEARCH_PATHS = "$(inherited) @executable_path/Frameworks @loader_path/Frameworks";
				PRODUCT_BUNDLE_IDENTIFIER = com.dubo.com.TableViewTests;
				PRODUCT_NAME = "$(TARGET_NAME)";
				TEST_HOST = "$(BUILT_PRODUCTS_DIR)/TableView.app/TableView";
			};
			name = Debug;
		};
		04FD91391CEEE9EF005001E4 /* Release */ = {
			isa = XCBuildConfiguration;
			buildSettings = {
				BUNDLE_LOADER = "$(TEST_HOST)";
				INFOPLIST_FILE = TableViewTests/Info.plist;
				LD_RUNPATH_SEARCH_PATHS = "$(inherited) @executable_path/Frameworks @loader_path/Frameworks";
				PRODUCT_BUNDLE_IDENTIFIER = com.dubo.com.TableViewTests;
				PRODUCT_NAME = "$(TARGET_NAME)";
				TEST_HOST = "$(BUILT_PRODUCTS_DIR)/TableView.app/TableView";
			};
			name = Release;
		};
		04FD913B1CEEE9EF005001E4 /* Debug */ = {
			isa = XCBuildConfiguration;
			buildSettings = {
				INFOPLIST_FILE = TableViewUITests/Info.plist;
				LD_RUNPATH_SEARCH_PATHS = "$(inherited) @executable_path/Frameworks @loader_path/Frameworks";
				PRODUCT_BUNDLE_IDENTIFIER = com.dubo.com.TableViewUITests;
				PRODUCT_NAME = "$(TARGET_NAME)";
				TEST_TARGET_NAME = TableView;
				USES_XCTRUNNER = YES;
			};
			name = Debug;
		};
		04FD913C1CEEE9EF005001E4 /* Release */ = {
			isa = XCBuildConfiguration;
			buildSettings = {
				INFOPLIST_FILE = TableViewUITests/Info.plist;
				LD_RUNPATH_SEARCH_PATHS = "$(inherited) @executable_path/Frameworks @loader_path/Frameworks";
				PRODUCT_BUNDLE_IDENTIFIER = com.dubo.com.TableViewUITests;
				PRODUCT_NAME = "$(TARGET_NAME)";
				TEST_TARGET_NAME = TableView;
				USES_XCTRUNNER = YES;
			};
			name = Release;
		};
/* End XCBuildConfiguration section */

/* Begin XCConfigurationList section */
		04FD91021CEEE9ED005001E4 /* Build configuration list for PBXProject "TableView" */ = {
			isa = XCConfigurationList;
			buildConfigurations = (
				04FD91321CEEE9EF005001E4 /* Debug */,
				04FD91331CEEE9EF005001E4 /* Release */,
			);
			defaultConfigurationIsVisible = 0;
			defaultConfigurationName = Release;
		};
		04FD91341CEEE9EF005001E4 /* Build configuration list for PBXNativeTarget "TableView" */ = {
			isa = XCConfigurationList;
			buildConfigurations = (
				04FD91351CEEE9EF005001E4 /* Debug */,
				04FD91361CEEE9EF005001E4 /* Release */,
			);
			defaultConfigurationIsVisible = 0;
			defaultConfigurationName = Release;
		};
		04FD91371CEEE9EF005001E4 /* Build configuration list for PBXNativeTarget "TableViewTests" */ = {
			isa = XCConfigurationList;
			buildConfigurations = (
				04FD91381CEEE9EF005001E4 /* Debug */,
				04FD91391CEEE9EF005001E4 /* Release */,
			);
			defaultConfigurationIsVisible = 0;
			defaultConfigurationName = Release;
		};
		04FD913A1CEEE9EF005001E4 /* Build configuration list for PBXNativeTarget "TableViewUITests" */ = {
			isa = XCConfigurationList;
			buildConfigurations = (
				04FD913B1CEEE9EF005001E4 /* Debug */,
				04FD913C1CEEE9EF005001E4 /* Release */,
			);
			defaultConfigurationIsVisible = 0;
			defaultConfigurationName = Release;
		};
/* End XCConfigurationList section */
	};
	rootObject = 04FD90FF1CEEE9EC005001E4 /* Project object */;
}
